// !$*UTF8*$!
{
	archiveVersion = 1;
	classes = {
	};
	objectVersion = 50;
	objects = {

/* Begin PBXBuildFile section */
		129B0E5823AB748D00566009 /* AppDelegate.swift in Sources */ = {isa = PBXBuildFile; fileRef = 129B0E5723AB748D00566009 /* AppDelegate.swift */; };
		129B0E5A23AB748D00566009 /* SceneDelegate.swift in Sources */ = {isa = PBXBuildFile; fileRef = 129B0E5923AB748D00566009 /* SceneDelegate.swift */; };
		129B0E5C23AB748D00566009 /* ContentView.swift in Sources */ = {isa = PBXBuildFile; fileRef = 129B0E5B23AB748D00566009 /* ContentView.swift */; };
		129B0E5E23AB748E00566009 /* Assets.xcassets in Resources */ = {isa = PBXBuildFile; fileRef = 129B0E5D23AB748E00566009 /* Assets.xcassets */; };
		129B0E6123AB748E00566009 /* Preview Assets.xcassets in Resources */ = {isa = PBXBuildFile; fileRef = 129B0E6023AB748E00566009 /* Preview Assets.xcassets */; };
		129B0E6423AB748E00566009 /* LaunchScreen.storyboard in Resources */ = {isa = PBXBuildFile; fileRef = 129B0E6223AB748E00566009 /* LaunchScreen.storyboard */; };
		129B0E6F23AB748E00566009 /* finalprojectTests.swift in Sources */ = {isa = PBXBuildFile; fileRef = 129B0E6E23AB748E00566009 /* finalprojectTests.swift */; };
		129B0E7A23AB748E00566009 /* finalprojectUITests.swift in Sources */ = {isa = PBXBuildFile; fileRef = 129B0E7923AB748E00566009 /* finalprojectUITests.swift */; };
/* End PBXBuildFile section */

/* Begin PBXContainerItemProxy section */
		129B0E6B23AB748E00566009 /* PBXContainerItemProxy */ = {
			isa = PBXContainerItemProxy;
			containerPortal = 129B0E4C23AB748D00566009 /* Project object */;
			proxyType = 1;
			remoteGlobalIDString = 129B0E5323AB748D00566009;
			remoteInfo = finalproject;
		};
		129B0E7623AB748E00566009 /* PBXContainerItemProxy */ = {
			isa = PBXContainerItemProxy;
			containerPortal = 129B0E4C23AB748D00566009 /* Project object */;
			proxyType = 1;
			remoteGlobalIDString = 129B0E5323AB748D00566009;
			remoteInfo = finalproject;
		};
/* End PBXContainerItemProxy section */

/* Begin PBXFileReference section */
		129B0E5423AB748D00566009 /* finalproject.app */ = {isa = PBXFileReference; explicitFileType = wrapper.application; includeInIndex = 0; path = finalproject.app; sourceTree = BUILT_PRODUCTS_DIR; };
		129B0E5723AB748D00566009 /* AppDelegate.swift */ = {isa = PBXFileReference; lastKnownFileType = sourcecode.swift; path = AppDelegate.swift; sourceTree = "<group>"; };
		129B0E5923AB748D00566009 /* SceneDelegate.swift */ = {isa = PBXFileReference; lastKnownFileType = sourcecode.swift; path = SceneDelegate.swift; sourceTree = "<group>"; };
		129B0E5B23AB748D00566009 /* ContentView.swift */ = {isa = PBXFileReference; lastKnownFileType = sourcecode.swift; path = ContentView.swift; sourceTree = "<group>"; };
		129B0E5D23AB748E00566009 /* Assets.xcassets */ = {isa = PBXFileReference; lastKnownFileType = folder.assetcatalog; path = Assets.xcassets; sourceTree = "<group>"; };
		129B0E6023AB748E00566009 /* Preview Assets.xcassets */ = {isa = PBXFileReference; lastKnownFileType = folder.assetcatalog; path = "Preview Assets.xcassets"; sourceTree = "<group>"; };
		129B0E6323AB748E00566009 /* Base */ = {isa = PBXFileReference; lastKnownFileType = file.storyboard; name = Base; path = Base.lproj/LaunchScreen.storyboard; sourceTree = "<group>"; };
		129B0E6523AB748E00566009 /* Info.plist */ = {isa = PBXFileReference; lastKnownFileType = text.plist.xml; path = Info.plist; sourceTree = "<group>"; };
		129B0E6A23AB748E00566009 /* finalprojectTests.xctest */ = {isa = PBXFileReference; explicitFileType = wrapper.cfbundle; includeInIndex = 0; path = finalprojectTests.xctest; sourceTree = BUILT_PRODUCTS_DIR; };
		129B0E6E23AB748E00566009 /* finalprojectTests.swift */ = {isa = PBXFileReference; lastKnownFileType = sourcecode.swift; path = finalprojectTests.swift; sourceTree = "<group>"; };
		129B0E7023AB748E00566009 /* Info.plist */ = {isa = PBXFileReference; lastKnownFileType = text.plist.xml; path = Info.plist; sourceTree = "<group>"; };
		129B0E7523AB748E00566009 /* finalprojectUITests.xctest */ = {isa = PBXFileReference; explicitFileType = wrapper.cfbundle; includeInIndex = 0; path = finalprojectUITests.xctest; sourceTree = BUILT_PRODUCTS_DIR; };
		129B0E7923AB748E00566009 /* finalprojectUITests.swift */ = {isa = PBXFileReference; lastKnownFileType = sourcecode.swift; path = finalprojectUITests.swift; sourceTree = "<group>"; };
		129B0E7B23AB748E00566009 /* Info.plist */ = {isa = PBXFileReference; lastKnownFileType = text.plist.xml; path = Info.plist; sourceTree = "<group>"; };
/* End PBXFileReference section */

/* Begin PBXFrameworksBuildPhase section */
		129B0E5123AB748D00566009 /* Frameworks */ = {
			isa = PBXFrameworksBuildPhase;
			buildActionMask = 2147483647;
			files = (
			);
			runOnlyForDeploymentPostprocessing = 0;
		};
		129B0E6723AB748E00566009 /* Frameworks */ = {
			isa = PBXFrameworksBuildPhase;
			buildActionMask = 2147483647;
			files = (
			);
			runOnlyForDeploymentPostprocessing = 0;
		};
		129B0E7223AB748E00566009 /* Frameworks */ = {
			isa = PBXFrameworksBuildPhase;
			buildActionMask = 2147483647;
			files = (
			);
			runOnlyForDeploymentPostprocessing = 0;
		};
/* End PBXFrameworksBuildPhase section */

/* Begin PBXGroup section */
		129B0E4B23AB748D00566009 = {
			isa = PBXGroup;
			children = (
				129B0E5623AB748D00566009 /* finalproject */,
				129B0E6D23AB748E00566009 /* finalprojectTests */,
				129B0E7823AB748E00566009 /* finalprojectUITests */,
				129B0E5523AB748D00566009 /* Products */,
			);
			sourceTree = "<group>";
		};
		129B0E5523AB748D00566009 /* Products */ = {
			isa = PBXGroup;
			children = (
				129B0E5423AB748D00566009 /* finalproject.app */,
				129B0E6A23AB748E00566009 /* finalprojectTests.xctest */,
				129B0E7523AB748E00566009 /* finalprojectUITests.xctest */,
			);
			name = Products;
			sourceTree = "<group>";
		};
		129B0E5623AB748D00566009 /* finalproject */ = {
			isa = PBXGroup;
			children = (
				129B0E5723AB748D00566009 /* AppDelegate.swift */,
				129B0E5923AB748D00566009 /* SceneDelegate.swift */,
				129B0E5B23AB748D00566009 /* ContentView.swift */,
				129B0E5D23AB748E00566009 /* Assets.xcassets */,
				129B0E6223AB748E00566009 /* LaunchScreen.storyboard */,
				129B0E6523AB748E00566009 /* Info.plist */,
				129B0E5F23AB748E00566009 /* Preview Content */,
			);
			path = finalproject;
			sourceTree = "<group>";
		};
		129B0E5F23AB748E00566009 /* Preview Content */ = {
			isa = PBXGroup;
			children = (
				129B0E6023AB748E00566009 /* Preview Assets.xcassets */,
			);
			path = "Preview Content";
			sourceTree = "<group>";
		};
		129B0E6D23AB748E00566009 /* finalprojectTests */ = {
			isa = PBXGroup;
			children = (
				129B0E6E23AB748E00566009 /* finalprojectTests.swift */,
				129B0E7023AB748E00566009 /* Info.plist */,
			);
			path = finalprojectTests;
			sourceTree = "<group>";
		};
		129B0E7823AB748E00566009 /* finalprojectUITests */ = {
			isa = PBXGroup;
			children = (
				129B0E7923AB748E00566009 /* finalprojectUITests.swift */,
				129B0E7B23AB748E00566009 /* Info.plist */,
			);
			path = finalprojectUITests;
			sourceTree = "<group>";
		};
/* End PBXGroup section */

/* Begin PBXNativeTarget section */
		129B0E5323AB748D00566009 /* finalproject */ = {
			isa = PBXNativeTarget;
			buildConfigurationList = 129B0E7E23AB748E00566009 /* Build configuration list for PBXNativeTarget "finalproject" */;
			buildPhases = (
				129B0E5023AB748D00566009 /* Sources */,
				129B0E5123AB748D00566009 /* Frameworks */,
				129B0E5223AB748D00566009 /* Resources */,
			);
			buildRules = (
			);
			dependencies = (
			);
			name = finalproject;
			productName = finalproject;
			productReference = 129B0E5423AB748D00566009 /* finalproject.app */;
			productType = "com.apple.product-type.application";
		};
		129B0E6923AB748E00566009 /* finalprojectTests */ = {
			isa = PBXNativeTarget;
			buildConfigurationList = 129B0E8123AB748E00566009 /* Build configuration list for PBXNativeTarget "finalprojectTests" */;
			buildPhases = (
				129B0E6623AB748E00566009 /* Sources */,
				129B0E6723AB748E00566009 /* Frameworks */,
				129B0E6823AB748E00566009 /* Resources */,
			);
			buildRules = (
			);
			dependencies = (
				129B0E6C23AB748E00566009 /* PBXTargetDependency */,
			);
			name = finalprojectTests;
			productName = finalprojectTests;
			productReference = 129B0E6A23AB748E00566009 /* finalprojectTests.xctest */;
			productType = "com.apple.product-type.bundle.unit-test";
		};
		129B0E7423AB748E00566009 /* finalprojectUITests */ = {
			isa = PBXNativeTarget;
			buildConfigurationList = 129B0E8423AB748E00566009 /* Build configuration list for PBXNativeTarget "finalprojectUITests" */;
			buildPhases = (
				129B0E7123AB748E00566009 /* Sources */,
				129B0E7223AB748E00566009 /* Frameworks */,
				129B0E7323AB748E00566009 /* Resources */,
			);
			buildRules = (
			);
			dependencies = (
				129B0E7723AB748E00566009 /* PBXTargetDependency */,
			);
			name = finalprojectUITests;
			productName = finalprojectUITests;
			productReference = 129B0E7523AB748E00566009 /* finalprojectUITests.xctest */;
			productType = "com.apple.product-type.bundle.ui-testing";
		};
/* End PBXNativeTarget section */

/* Begin PBXProject section */
		129B0E4C23AB748D00566009 /* Project object */ = {
			isa = PBXProject;
			attributes = {
				LastSwiftUpdateCheck = 1130;
				LastUpgradeCheck = 1130;
				ORGANIZATIONNAME = Chen_Yu_Hao;
				TargetAttributes = {
					129B0E5323AB748D00566009 = {
						CreatedOnToolsVersion = 11.3;
					};
					129B0E6923AB748E00566009 = {
						CreatedOnToolsVersion = 11.3;
						TestTargetID = 129B0E5323AB748D00566009;
					};
					129B0E7423AB748E00566009 = {
						CreatedOnToolsVersion = 11.3;
						TestTargetID = 129B0E5323AB748D00566009;
					};
				};
			};
			buildConfigurationList = 129B0E4F23AB748D00566009 /* Build configuration list for PBXProject "finalproject" */;
			compatibilityVersion = "Xcode 9.3";
			developmentRegion = en;
			hasScannedForEncodings = 0;
			knownRegions = (
				en,
				Base,
			);
			mainGroup = 129B0E4B23AB748D00566009;
			productRefGroup = 129B0E5523AB748D00566009 /* Products */;
			projectDirPath = "";
			projectRoot = "";
			targets = (
				129B0E5323AB748D00566009 /* finalproject */,
				129B0E6923AB748E00566009 /* finalprojectTests */,
				129B0E7423AB748E00566009 /* finalprojectUITests */,
			);
		};
/* End PBXProject section */

/* Begin PBXResourcesBuildPhase section */
		129B0E5223AB748D00566009 /* Resources */ = {
			isa = PBXResourcesBuildPhase;
			buildActionMask = 2147483647;
			files = (
				129B0E6423AB748E00566009 /* LaunchScreen.storyboard in Resources */,
				129B0E6123AB748E00566009 /* Preview Assets.xcassets in Resources */,
				129B0E5E23AB748E00566009 /* Assets.xcassets in Resources */,
			);
			runOnlyForDeploymentPostprocessing = 0;
		};
		129B0E6823AB748E00566009 /* Resources */ = {
			isa = PBXResourcesBuildPhase;
			buildActionMask = 2147483647;
			files = (
			);
			runOnlyForDeploymentPostprocessing = 0;
		};
		129B0E7323AB748E00566009 /* Resources */ = {
			isa = PBXResourcesBuildPhase;
			buildActionMask = 2147483647;
			files = (
			);
			runOnlyForDeploymentPostprocessing = 0;
		};
/* End PBXResourcesBuildPhase section */

/* Begin PBXSourcesBuildPhase section */
		129B0E5023AB748D00566009 /* Sources */ = {
			isa = PBXSourcesBuildPhase;
			buildActionMask = 2147483647;
			files = (
				129B0E5823AB748D00566009 /* AppDelegate.swift in Sources */,
				129B0E5A23AB748D00566009 /* SceneDelegate.swift in Sources */,
				129B0E5C23AB748D00566009 /* ContentView.swift in Sources */,
			);
			runOnlyForDeploymentPostprocessing = 0;
		};
		129B0E6623AB748E00566009 /* Sources */ = {
			isa = PBXSourcesBuildPhase;
			buildActionMask = 2147483647;
			files = (
				129B0E6F23AB748E00566009 /* finalprojectTests.swift in Sources */,
			);
			runOnlyForDeploymentPostprocessing = 0;
		};
		129B0E7123AB748E00566009 /* Sources */ = {
			isa = PBXSourcesBuildPhase;
			buildActionMask = 2147483647;
			files = (
				129B0E7A23AB748E00566009 /* finalprojectUITests.swift in Sources */,
			);
			runOnlyForDeploymentPostprocessing = 0;
		};
/* End PBXSourcesBuildPhase section */

/* Begin PBXTargetDependency section */
		129B0E6C23AB748E00566009 /* PBXTargetDependency */ = {
			isa = PBXTargetDependency;
			target = 129B0E5323AB748D00566009 /* finalproject */;
			targetProxy = 129B0E6B23AB748E00566009 /* PBXContainerItemProxy */;
		};
		129B0E7723AB748E00566009 /* PBXTargetDependency */ = {
			isa = PBXTargetDependency;
			target = 129B0E5323AB748D00566009 /* finalproject */;
			targetProxy = 129B0E7623AB748E00566009 /* PBXContainerItemProxy */;
		};
/* End PBXTargetDependency section */

/* Begin PBXVariantGroup section */
		129B0E6223AB748E00566009 /* LaunchScreen.storyboard */ = {
			isa = PBXVariantGroup;
			children = (
				129B0E6323AB748E00566009 /* Base */,
			);
			name = LaunchScreen.storyboard;
			sourceTree = "<group>";
		};
/* End PBXVariantGroup section */

/* Begin XCBuildConfiguration section */
		129B0E7C23AB748E00566009 /* Debug */ = {
			isa = XCBuildConfiguration;
			buildSettings = {
				ALWAYS_SEARCH_USER_PATHS = NO;
				CLANG_ANALYZER_NONNULL = YES;
				CLANG_ANALYZER_NUMBER_OBJECT_CONVERSION = YES_AGGRESSIVE;
				CLANG_CXX_LANGUAGE_STANDARD = "gnu++14";
				CLANG_CXX_LIBRARY = "libc++";
				CLANG_ENABLE_MODULES = YES;
				CLANG_ENABLE_OBJC_ARC = YES;
				CLANG_ENABLE_OBJC_WEAK = YES;
				CLANG_WARN_BLOCK_CAPTURE_AUTORELEASING = YES;
				CLANG_WARN_BOOL_CONVERSION = YES;
				CLANG_WARN_COMMA = YES;
				CLANG_WARN_CONSTANT_CONVERSION = YES;
				CLANG_WARN_DEPRECATED_OBJC_IMPLEMENTATIONS = YES;
				CLANG_WARN_DIRECT_OBJC_ISA_USAGE = YES_ERROR;
				CLANG_WARN_DOCUMENTATION_COMMENTS = YES;
				CLANG_WARN_EMPTY_BODY = YES;
				CLANG_WARN_ENUM_CONVERSION = YES;
				CLANG_WARN_INFINITE_RECURSION = YES;
				CLANG_WARN_INT_CONVERSION = YES;
				CLANG_WARN_NON_LITERAL_NULL_CONVERSION = YES;
				CLANG_WARN_OBJC_IMPLICIT_RETAIN_SELF = YES;
				CLANG_WARN_OBJC_LITERAL_CONVERSION = YES;
				CLANG_WARN_OBJC_ROOT_CLASS = YES_ERROR;
				CLANG_WARN_RANGE_LOOP_ANALYSIS = YES;
				CLANG_WARN_STRICT_PROTOTYPES = YES;
				CLANG_WARN_SUSPICIOUS_MOVE = YES;
				CLANG_WARN_UNGUARDED_AVAILABILITY = YES_AGGRESSIVE;
				CLANG_WARN_UNREACHABLE_CODE = YES;
				CLANG_WARN__DUPLICATE_METHOD_MATCH = YES;
				COPY_PHASE_STRIP = NO;
				DEBUG_INFORMATION_FORMAT = dwarf;
				ENABLE_STRICT_OBJC_MSGSEND = YES;
				ENABLE_TESTABILITY = YES;
				GCC_C_LANGUAGE_STANDARD = gnu11;
				GCC_DYNAMIC_NO_PIC = NO;
				GCC_NO_COMMON_BLOCKS = YES;
				GCC_OPTIMIZATION_LEVEL = 0;
				GCC_PREPROCESSOR_DEFINITIONS = (
					"DEBUG=1",
					"$(inherited)",
				);
				GCC_WARN_64_TO_32_BIT_CONVERSION = YES;
				GCC_WARN_ABOUT_RETURN_TYPE = YES_ERROR;
				GCC_WARN_UNDECLARED_SELECTOR = YES;
				GCC_WARN_UNINITIALIZED_AUTOS = YES_AGGRESSIVE;
				GCC_WARN_UNUSED_FUNCTION = YES;
				GCC_WARN_UNUSED_VARIABLE = YES;
				IPHONEOS_DEPLOYMENT_TARGET = 13.2;
				MTL_ENABLE_DEBUG_INFO = INCLUDE_SOURCE;
				MTL_FAST_MATH = YES;
				ONLY_ACTIVE_ARCH = YES;
				SDKROOT = iphoneos;
				SWIFT_ACTIVE_COMPILATION_CONDITIONS = DEBUG;
				SWIFT_OPTIMIZATION_LEVEL = "-Onone";
			};
			name = Debug;
		};
		129B0E7D23AB748E00566009 /* Release */ = {
			isa = XCBuildConfiguration;
			buildSettings = {
				ALWAYS_SEARCH_USER_PATHS = NO;
				CLANG_ANALYZER_NONNULL = YES;
				CLANG_ANALYZER_NUMBER_OBJECT_CONVERSION = YES_AGGRESSIVE;
				CLANG_CXX_LANGUAGE_STANDARD = "gnu++14";
				CLANG_CXX_LIBRARY = "libc++";
				CLANG_ENABLE_MODULES = YES;
				CLANG_ENABLE_OBJC_ARC = YES;
				CLANG_ENABLE_OBJC_WEAK = YES;
				CLANG_WARN_BLOCK_CAPTURE_AUTORELEASING = YES;
				CLANG_WARN_BOOL_CONVERSION = YES;
				CLANG_WARN_COMMA = YES;
				CLANG_WARN_CONSTANT_CONVERSION = YES;
				CLANG_WARN_DEPRECATED_OBJC_IMPLEMENTATIONS = YES;
				CLANG_WARN_DIRECT_OBJC_ISA_USAGE = YES_ERROR;
				CLANG_WARN_DOCUMENTATION_COMMENTS = YES;
				CLANG_WARN_EMPTY_BODY = YES;
				CLANG_WARN_ENUM_CONVERSION = YES;
				CLANG_WARN_INFINITE_RECURSION = YES;
				CLANG_WARN_INT_CONVERSION = YES;
				CLANG_WARN_NON_LITERAL_NULL_CONVERSION = YES;
				CLANG_WARN_OBJC_IMPLICIT_RETAIN_SELF = YES;
				CLANG_WARN_OBJC_LITERAL_CONVERSION = YES;
				CLANG_WARN_OBJC_ROOT_CLASS = YES_ERROR;
				CLANG_WARN_RANGE_LOOP_ANALYSIS = YES;
				CLANG_WARN_STRICT_PROTOTYPES = YES;
				CLANG_WARN_SUSPICIOUS_MOVE = YES;
				CLANG_WARN_UNGUARDED_AVAILABILITY = YES_AGGRESSIVE;
				CLANG_WARN_UNREACHABLE_CODE = YES;
				CLANG_WARN__DUPLICATE_METHOD_MATCH = YES;
				COPY_PHASE_STRIP = NO;
				DEBUG_INFORMATION_FORMAT = "dwarf-with-dsym";
				ENABLE_NS_ASSERTIONS = NO;
				ENABLE_STRICT_OBJC_MSGSEND = YES;
				GCC_C_LANGUAGE_STANDARD = gnu11;
				GCC_NO_COMMON_BLOCKS = YES;
				GCC_WARN_64_TO_32_BIT_CONVERSION = YES;
				GCC_WARN_ABOUT_RETURN_TYPE = YES_ERROR;
				GCC_WARN_UNDECLARED_SELECTOR = YES;
				GCC_WARN_UNINITIALIZED_AUTOS = YES_AGGRESSIVE;
				GCC_WARN_UNUSED_FUNCTION = YES;
				GCC_WARN_UNUSED_VARIABLE = YES;
				IPHONEOS_DEPLOYMENT_TARGET = 13.2;
				MTL_ENABLE_DEBUG_INFO = NO;
				MTL_FAST_MATH = YES;
				SDKROOT = iphoneos;
				SWIFT_COMPILATION_MODE = wholemodule;
				SWIFT_OPTIMIZATION_LEVEL = "-O";
				VALIDATE_PRODUCT = YES;
			};
			name = Release;
		};
		129B0E7F23AB748E00566009 /* Debug */ = {
			isa = XCBuildConfiguration;
			buildSettings = {
				ASSETCATALOG_COMPILER_APPICON_NAME = AppIcon;
				CODE_SIGN_STYLE = Automatic;
				DEVELOPMENT_ASSET_PATHS = "\"finalproject/Preview Content\"";
				DEVELOPMENT_TEAM = NTXR9F489V;
				ENABLE_PREVIEWS = YES;
				INFOPLIST_FILE = finalproject/Info.plist;
				LD_RUNPATH_SEARCH_PATHS = (
					"$(inherited)",
					"@executable_path/Frameworks",
				);
				PRODUCT_BUNDLE_IDENTIFIER = dte.finalproject;
				PRODUCT_NAME = "$(TARGET_NAME)";
				SWIFT_VERSION = 5.0;
				TARGETED_DEVICE_FAMILY = "1,2";
			};
			name = Debug;
		};
		129B0E8023AB748E00566009 /* Release */ = {
			isa = XCBuildConfiguration;
			buildSettings = {
				ASSETCATALOG_COMPILER_APPICON_NAME = AppIcon;
				CODE_SIGN_STYLE = Automatic;
				DEVELOPMENT_ASSET_PATHS = "\"finalproject/Preview Content\"";
				DEVELOPMENT_TEAM = NTXR9F489V;
				ENABLE_PREVIEWS = YES;
				INFOPLIST_FILE = finalproject/Info.plist;
				LD_RUNPATH_SEARCH_PATHS = (
					"$(inherited)",
					"@executable_path/Frameworks",
				);
				PRODUCT_BUNDLE_IDENTIFIER = dte.finalproject;
				PRODUCT_NAME = "$(TARGET_NAME)";
				SWIFT_VERSION = 5.0;
				TARGETED_DEVICE_FAMILY = "1,2";
			};
			name = Release;
		};
		129B0E8223AB748E00566009 /* Debug */ = {
			isa = XCBuildConfiguration;
			buildSettings = {
				ALWAYS_EMBED_SWIFT_STANDARD_LIBRARIES = YES;
				BUNDLE_LOADER = "$(TEST_HOST)";
				CODE_SIGN_STYLE = Automatic;
				DEVELOPMENT_TEAM = NTXR9F489V;
				INFOPLIST_FILE = finalprojectTests/Info.plist;
				IPHONEOS_DEPLOYMENT_TARGET = 13.2;
				LD_RUNPATH_SEARCH_PATHS = (
					"$(inherited)",
					"@executable_path/Frameworks",
					"@loader_path/Frameworks",
				);
				PRODUCT_BUNDLE_IDENTIFIER = dte.finalprojectTests;
				PRODUCT_NAME = "$(TARGET_NAME)";
				SWIFT_VERSION = 5.0;
				TARGETED_DEVICE_FAMILY = "1,2";
				TEST_HOST = "$(BUILT_PRODUCTS_DIR)/finalproject.app/finalproject";
			};
			name = Debug;
		};
		129B0E8323AB748E00566009 /* Release */ = {
			isa = XCBuildConfiguration;
			buildSettings = {
				ALWAYS_EMBED_SWIFT_STANDARD_LIBRARIES = YES;
				BUNDLE_LOADER = "$(TEST_HOST)";
				CODE_SIGN_STYLE = Automatic;
				DEVELOPMENT_TEAM = NTXR9F489V;
				INFOPLIST_FILE = finalprojectTests/Info.plist;
				IPHONEOS_DEPLOYMENT_TARGET = 13.2;
				LD_RUNPATH_SEARCH_PATHS = (
					"$(inherited)",
					"@executable_path/Frameworks",
					"@loader_path/Frameworks",
				);
				PRODUCT_BUNDLE_IDENTIFIER = dte.finalprojectTests;
				PRODUCT_NAME = "$(TARGET_NAME)";
				SWIFT_VERSION = 5.0;
				TARGETED_DEVICE_FAMILY = "1,2";
				TEST_HOST = "$(BUILT_PRODUCTS_DIR)/finalproject.app/finalproject";
			};
			name = Release;
		};
		129B0E8523AB748E00566009 /* Debug */ = {
			isa = XCBuildConfiguration;
			buildSettings = {
				ALWAYS_EMBED_SWIFT_STANDARD_LIBRARIES = YES;
				CODE_SIGN_STYLE = Automatic;
				DEVELOPMENT_TEAM = NTXR9F489V;
				INFOPLIST_FILE = finalprojectUITests/Info.plist;
				LD_RUNPATH_SEARCH_PATHS = (
					"$(inherited)",
					"@executable_path/Frameworks",
					"@loader_path/Frameworks",
				);
				PRODUCT_BUNDLE_IDENTIFIER = dte.finalprojectUITests;
				PRODUCT_NAME = "$(TARGET_NAME)";
				SWIFT_VERSION = 5.0;
				TARGETED_DEVICE_FAMILY = "1,2";
				TEST_TARGET_NAME = finalproject;
			};
			name = Debug;
		};
		129B0E8623AB748E00566009 /* Release */ = {
			isa = XCBuildConfiguration;
			buildSettings = {
				ALWAYS_EMBED_SWIFT_STANDARD_LIBRARIES = YES;
				CODE_SIGN_STYLE = Automatic;
				DEVELOPMENT_TEAM = NTXR9F489V;
				INFOPLIST_FILE = finalprojectUITests/Info.plist;
				LD_RUNPATH_SEARCH_PATHS = (
					"$(inherited)",
					"@executable_path/Frameworks",
					"@loader_path/Frameworks",
				);
				PRODUCT_BUNDLE_IDENTIFIER = dte.finalprojectUITests;
				PRODUCT_NAME = "$(TARGET_NAME)";
				SWIFT_VERSION = 5.0;
				TARGETED_DEVICE_FAMILY = "1,2";
				TEST_TARGET_NAME = finalproject;
			};
			name = Release;
		};
/* End XCBuildConfiguration section */

/* Begin XCConfigurationList section */
		129B0E4F23AB748D00566009 /* Build configuration list for PBXProject "finalproject" */ = {
			isa = XCConfigurationList;
			buildConfigurations = (
				129B0E7C23AB748E00566009 /* Debug */,
				129B0E7D23AB748E00566009 /* Release */,
			);
			defaultConfigurationIsVisible = 0;
			defaultConfigurationName = Release;
		};
		129B0E7E23AB748E00566009 /* Build configuration list for PBXNativeTarget "finalproject" */ = {
			isa = XCConfigurationList;
			buildConfigurations = (
				129B0E7F23AB748E00566009 /* Debug */,
				129B0E8023AB748E00566009 /* Release */,
			);
			defaultConfigurationIsVisible = 0;
			defaultConfigurationName = Release;
		};
		129B0E8123AB748E00566009 /* Build configuration list for PBXNativeTarget "finalprojectTests" */ = {
			isa = XCConfigurationList;
			buildConfigurations = (
				129B0E8223AB748E00566009 /* Debug */,
				129B0E8323AB748E00566009 /* Release */,
			);
			defaultConfigurationIsVisible = 0;
			defaultConfigurationName = Release;
		};
		129B0E8423AB748E00566009 /* Build configuration list for PBXNativeTarget "finalprojectUITests" */ = {
			isa = XCConfigurationList;
			buildConfigurations = (
				129B0E8523AB748E00566009 /* Debug */,
				129B0E8623AB748E00566009 /* Release */,
			);
			defaultConfigurationIsVisible = 0;
			defaultConfigurationName = Release;
		};
/* End XCConfigurationList section */
	};
	rootObject = 129B0E4C23AB748D00566009 /* Project object */;
}
